
Microsoft Visual Studio Solution File, Format Version 12.00
# Visual Studio Version 17
VisualStudioVersion = 17.5.002.0
MinimumVisualStudioVersion = 10.0.40219.1
Project("{9A19103F-16F7-4668-BE54-9A1E7A4F7556}") = "RazorPagesMovie", "RazorPagesMovie.csproj", "{F1A56743-FC41-4849-8C7D-B39A6ED16834}"
EndProject
Global
	GlobalSection(SolutionConfigurationPlatforms) = preSolution
		Debug|Any CPU = Debug|Any CPU
		Release|Any CPU = Release|Any CPU
	EndGlobalSection
	GlobalSection(ProjectConfigurationPlatforms) = postSolution
		{F1A56743-FC41-4849-8C7D-B39A6ED16834}.Debug|Any CPU.ActiveCfg = Debug|Any CPU
		{F1A56743-FC41-4849-8C7D-B39A6ED16834}.Debug|Any CPU.Build.0 = Debug|Any CPU
		{F1A56743-FC41-4849-8C7D-B39A6ED16834}.Release|Any CPU.ActiveCfg = Release|Any CPU
		{F1A56743-FC41-4849-8C7D-B39A6ED16834}.Release|Any CPU.Build.0 = Release|Any CPU
	EndGlobalSection
	GlobalSection(SolutionProperties) = preSolution
		HideSolutionNode = FALSE
	EndGlobalSection
	GlobalSection(ExtensibilityGlobals) = postSolution
		SolutionGuid = {79CBE88E-DD7B-4318-BAA2-6AE85FE0092C}
	EndGlobalSection
EndGlobal
